// !$*UTF8*$!
{
	archiveVersion = 1;
	classes = {
	};
	objectVersion = 46;
	objects = {

/* Begin PBXBuildFile section */
		17437E471EAFED2D00D21918 /* MenuViewController.swift in Sources */ = {isa = PBXBuildFile; fileRef = 17437E461EAFED2D00D21918 /* MenuViewController.swift */; };
		17437E491EB00EF700D21918 /* HomeViewController.swift in Sources */ = {isa = PBXBuildFile; fileRef = 17437E481EB00EF700D21918 /* HomeViewController.swift */; };
		17437E511EB01C2B00D21918 /* SWRevealViewController.m in Sources */ = {isa = PBXBuildFile; fileRef = 17437E501EB01C2B00D21918 /* SWRevealViewController.m */; };
		17437E721EB02F2A00D21918 /* FavoritesViewController.swift in Sources */ = {isa = PBXBuildFile; fileRef = 17437E711EB02F2A00D21918 /* FavoritesViewController.swift */; };
		17437E741EB02F3600D21918 /* AboutViewController.swift in Sources */ = {isa = PBXBuildFile; fileRef = 17437E731EB02F3600D21918 /* AboutViewController.swift */; };
		178E0C991EB0AFE20018AC09 /* EventsViewController.swift in Sources */ = {isa = PBXBuildFile; fileRef = 178E0C941EB0AFE20018AC09 /* EventsViewController.swift */; };
		178E0C9A1EB0AFE20018AC09 /* GroupsViewController.swift in Sources */ = {isa = PBXBuildFile; fileRef = 178E0C951EB0AFE20018AC09 /* GroupsViewController.swift */; };
		178E0C9B1EB0AFE20018AC09 /* PagesViewController.swift in Sources */ = {isa = PBXBuildFile; fileRef = 178E0C961EB0AFE20018AC09 /* PagesViewController.swift */; };
		178E0C9C1EB0AFE20018AC09 /* PlacesViewController.swift in Sources */ = {isa = PBXBuildFile; fileRef = 178E0C971EB0AFE20018AC09 /* PlacesViewController.swift */; };
		178E0C9D1EB0AFE20018AC09 /* UsersViewController.swift in Sources */ = {isa = PBXBuildFile; fileRef = 178E0C981EB0AFE20018AC09 /* UsersViewController.swift */; };
		178E0CA61EB158560018AC09 /* ResultCell.swift in Sources */ = {isa = PBXBuildFile; fileRef = 178E0CA51EB158560018AC09 /* ResultCell.swift */; };
		178E0CA91EB167E20018AC09 /* SearchResultsViewController.swift in Sources */ = {isa = PBXBuildFile; fileRef = 178E0C9E1EB0BB5C0018AC09 /* SearchResultsViewController.swift */; };
		178E0CB81EB1A8EB0018AC09 /* album.png in Resources */ = {isa = PBXBuildFile; fileRef = 178E0CAA1EB1A8EB0018AC09 /* album.png */; };
		178E0CB91EB1A8EB0018AC09 /* empty.png in Resources */ = {isa = PBXBuildFile; fileRef = 178E0CAB1EB1A8EB0018AC09 /* empty.png */; };
		178E0CBA1EB1A8EB0018AC09 /* event.png in Resources */ = {isa = PBXBuildFile; fileRef = 178E0CAC1EB1A8EB0018AC09 /* event.png */; };
		178E0CBB1EB1A8EB0018AC09 /* favorite.png in Resources */ = {isa = PBXBuildFile; fileRef = 178E0CAD1EB1A8EB0018AC09 /* favorite.png */; };
		178E0CBC1EB1A8EB0018AC09 /* fb.png in Resources */ = {isa = PBXBuildFile; fileRef = 178E0CAE1EB1A8EB0018AC09 /* fb.png */; };
		178E0CBD1EB1A8EB0018AC09 /* filled.png in Resources */ = {isa = PBXBuildFile; fileRef = 178E0CAF1EB1A8EB0018AC09 /* filled.png */; };
		178E0CBE1EB1A8EB0018AC09 /* groups.png in Resources */ = {isa = PBXBuildFile; fileRef = 178E0CB01EB1A8EB0018AC09 /* groups.png */; };
		178E0CBF1EB1A8EB0018AC09 /* home.png in Resources */ = {isa = PBXBuildFile; fileRef = 178E0CB11EB1A8EB0018AC09 /* home.png */; };
		178E0CC01EB1A8EB0018AC09 /* menu.png in Resources */ = {isa = PBXBuildFile; fileRef = 178E0CB21EB1A8EB0018AC09 /* menu.png */; };
		178E0CC11EB1A8EB0018AC09 /* options.png in Resources */ = {isa = PBXBuildFile; fileRef = 178E0CB31EB1A8EB0018AC09 /* options.png */; };
		178E0CC21EB1A8EB0018AC09 /* page.png in Resources */ = {isa = PBXBuildFile; fileRef = 178E0CB41EB1A8EB0018AC09 /* page.png */; };
		178E0CC31EB1A8EB0018AC09 /* place.png in Resources */ = {isa = PBXBuildFile; fileRef = 178E0CB51EB1A8EB0018AC09 /* place.png */; };
		178E0CC41EB1A8EB0018AC09 /* posts.png in Resources */ = {isa = PBXBuildFile; fileRef = 178E0CB61EB1A8EB0018AC09 /* posts.png */; };
		178E0CC51EB1A8EB0018AC09 /* users.png in Resources */ = {isa = PBXBuildFile; fileRef = 178E0CB71EB1A8EB0018AC09 /* users.png */; };
		17D84C6D1EAFDBDF00346547 /* AppDelegate.swift in Sources */ = {isa = PBXBuildFile; fileRef = 17D84C6C1EAFDBDF00346547 /* AppDelegate.swift */; };
		17D84C721EAFDBDF00346547 /* Main.storyboard in Resources */ = {isa = PBXBuildFile; fileRef = 17D84C701EAFDBDF00346547 /* Main.storyboard */; };
		17D84C741EAFDBDF00346547 /* Assets.xcassets in Resources */ = {isa = PBXBuildFile; fileRef = 17D84C731EAFDBDF00346547 /* Assets.xcassets */; };
		17D84C771EAFDBDF00346547 /* LaunchScreen.storyboard in Resources */ = {isa = PBXBuildFile; fileRef = 17D84C751EAFDBDF00346547 /* LaunchScreen.storyboard */; };
		17D84C811EAFDDF100346547 /* Podfile in Resources */ = {isa = PBXBuildFile; fileRef = 17D84C801EAFDDF100346547 /* Podfile */; };
		1F6E8FF3167058199A26F8BE /* Pods_FBSearch.framework in Frameworks */ = {isa = PBXBuildFile; fileRef = 9265880D8870A46CCF79690B /* Pods_FBSearch.framework */; };
/* End PBXBuildFile section */

/* Begin PBXFileReference section */
		091635486AAA4B5E1D94E935 /* Pods-FBSearch.release.xcconfig */ = {isa = PBXFileReference; includeInIndex = 1; lastKnownFileType = text.xcconfig; name = "Pods-FBSearch.release.xcconfig"; path = "Pods/Target Support Files/Pods-FBSearch/Pods-FBSearch.release.xcconfig"; sourceTree = "<group>"; };
		17437E461EAFED2D00D21918 /* MenuViewController.swift */ = {isa = PBXFileReference; fileEncoding = 4; lastKnownFileType = sourcecode.swift; path = MenuViewController.swift; sourceTree = "<group>"; };
		17437E481EB00EF700D21918 /* HomeViewController.swift */ = {isa = PBXFileReference; fileEncoding = 4; lastKnownFileType = sourcecode.swift; path = HomeViewController.swift; sourceTree = "<group>"; };
		17437E4E1EB01C2A00D21918 /* FBSearch-Bridging-Header.h */ = {isa = PBXFileReference; lastKnownFileType = sourcecode.c.h; path = "FBSearch-Bridging-Header.h"; sourceTree = "<group>"; };
		17437E4F1EB01C2B00D21918 /* SWRevealViewController.h */ = {isa = PBXFileReference; fileEncoding = 4; lastKnownFileType = sourcecode.c.h; path = SWRevealViewController.h; sourceTree = "<group>"; };
		17437E501EB01C2B00D21918 /* SWRevealViewController.m */ = {isa = PBXFileReference; fileEncoding = 4; lastKnownFileType = sourcecode.c.objc; path = SWRevealViewController.m; sourceTree = "<group>"; };
		17437E711EB02F2A00D21918 /* FavoritesViewController.swift */ = {isa = PBXFileReference; fileEncoding = 4; lastKnownFileType = sourcecode.swift; path = FavoritesViewController.swift; sourceTree = "<group>"; };
		17437E731EB02F3600D21918 /* AboutViewController.swift */ = {isa = PBXFileReference; fileEncoding = 4; lastKnownFileType = sourcecode.swift; path = AboutViewController.swift; sourceTree = "<group>"; };
		178E0C941EB0AFE20018AC09 /* EventsViewController.swift */ = {isa = PBXFileReference; fileEncoding = 4; lastKnownFileType = sourcecode.swift; name = EventsViewController.swift; path = SearchResults/EventsViewController.swift; sourceTree = "<group>"; };
		178E0C951EB0AFE20018AC09 /* GroupsViewController.swift */ = {isa = PBXFileReference; fileEncoding = 4; lastKnownFileType = sourcecode.swift; name = GroupsViewController.swift; path = SearchResults/GroupsViewController.swift; sourceTree = "<group>"; };
		178E0C961EB0AFE20018AC09 /* PagesViewController.swift */ = {isa = PBXFileReference; fileEncoding = 4; lastKnownFileType = sourcecode.swift; name = PagesViewController.swift; path = SearchResults/PagesViewController.swift; sourceTree = "<group>"; };
		178E0C971EB0AFE20018AC09 /* PlacesViewController.swift */ = {isa = PBXFileReference; fileEncoding = 4; lastKnownFileType = sourcecode.swift; name = PlacesViewController.swift; path = SearchResults/PlacesViewController.swift; sourceTree = "<group>"; };
		178E0C981EB0AFE20018AC09 /* UsersViewController.swift */ = {isa = PBXFileReference; fileEncoding = 4; lastKnownFileType = sourcecode.swift; name = UsersViewController.swift; path = SearchResults/UsersViewController.swift; sourceTree = "<group>"; };
		178E0C9E1EB0BB5C0018AC09 /* SearchResultsViewController.swift */ = {isa = PBXFileReference; fileEncoding = 4; lastKnownFileType = sourcecode.swift; path = SearchResultsViewController.swift; sourceTree = "<group>"; };
		178E0CA51EB158560018AC09 /* ResultCell.swift */ = {isa = PBXFileReference; fileEncoding = 4; lastKnownFileType = sourcecode.swift; path = ResultCell.swift; sourceTree = "<group>"; };
		178E0CAA1EB1A8EB0018AC09 /* album.png */ = {isa = PBXFileReference; lastKnownFileType = image.png; name = album.png; path = FBSearch/Icons/album.png; sourceTree = "<group>"; };
		178E0CAB1EB1A8EB0018AC09 /* empty.png */ = {isa = PBXFileReference; lastKnownFileType = image.png; name = empty.png; path = FBSearch/Icons/empty.png; sourceTree = "<group>"; };
		178E0CAC1EB1A8EB0018AC09 /* event.png */ = {isa = PBXFileReference; lastKnownFileType = image.png; name = event.png; path = FBSearch/Icons/event.png; sourceTree = "<group>"; };
		178E0CAD1EB1A8EB0018AC09 /* favorite.png */ = {isa = PBXFileReference; lastKnownFileType = image.png; name = favorite.png; path = FBSearch/Icons/favorite.png; sourceTree = "<group>"; };
		178E0CAE1EB1A8EB0018AC09 /* fb.png */ = {isa = PBXFileReference; lastKnownFileType = image.png; name = fb.png; path = FBSearch/Icons/fb.png; sourceTree = "<group>"; };
		178E0CAF1EB1A8EB0018AC09 /* filled.png */ = {isa = PBXFileReference; lastKnownFileType = image.png; name = filled.png; path = FBSearch/Icons/filled.png; sourceTree = "<group>"; };
		178E0CB01EB1A8EB0018AC09 /* groups.png */ = {isa = PBXFileReference; lastKnownFileType = image.png; name = groups.png; path = FBSearch/Icons/groups.png; sourceTree = "<group>"; };
		178E0CB11EB1A8EB0018AC09 /* home.png */ = {isa = PBXFileReference; lastKnownFileType = image.png; name = home.png; path = FBSearch/Icons/home.png; sourceTree = "<group>"; };
		178E0CB21EB1A8EB0018AC09 /* menu.png */ = {isa = PBXFileReference; lastKnownFileType = image.png; name = menu.png; path = FBSearch/Icons/menu.png; sourceTree = "<group>"; };
		178E0CB31EB1A8EB0018AC09 /* options.png */ = {isa = PBXFileReference; lastKnownFileType = image.png; name = options.png; path = FBSearch/Icons/options.png; sourceTree = "<group>"; };
		178E0CB41EB1A8EB0018AC09 /* page.png */ = {isa = PBXFileReference; lastKnownFileType = image.png; name = page.png; path = FBSearch/Icons/page.png; sourceTree = "<group>"; };
		178E0CB51EB1A8EB0018AC09 /* place.png */ = {isa = PBXFileReference; lastKnownFileType = image.png; name = place.png; path = FBSearch/Icons/place.png; sourceTree = "<group>"; };
		178E0CB61EB1A8EB0018AC09 /* posts.png */ = {isa = PBXFileReference; lastKnownFileType = image.png; name = posts.png; path = FBSearch/Icons/posts.png; sourceTree = "<group>"; };
		178E0CB71EB1A8EB0018AC09 /* users.png */ = {isa = PBXFileReference; lastKnownFileType = image.png; name = users.png; path = FBSearch/Icons/users.png; sourceTree = "<group>"; };
		17D84C691EAFDBDF00346547 /* FBSearch.app */ = {isa = PBXFileReference; explicitFileType = wrapper.application; includeInIndex = 0; path = FBSearch.app; sourceTree = BUILT_PRODUCTS_DIR; };
		17D84C6C1EAFDBDF00346547 /* AppDelegate.swift */ = {isa = PBXFileReference; lastKnownFileType = sourcecode.swift; path = AppDelegate.swift; sourceTree = "<group>"; };
		17D84C711EAFDBDF00346547 /* Base */ = {isa = PBXFileReference; lastKnownFileType = file.storyboard; name = Base; path = Base.lproj/Main.storyboard; sourceTree = "<group>"; };
		17D84C731EAFDBDF00346547 /* Assets.xcassets */ = {isa = PBXFileReference; lastKnownFileType = folder.assetcatalog; path = Assets.xcassets; sourceTree = "<group>"; };
		17D84C761EAFDBDF00346547 /* Base */ = {isa = PBXFileReference; lastKnownFileType = file.storyboard; name = Base; path = Base.lproj/LaunchScreen.storyboard; sourceTree = "<group>"; };
		17D84C781EAFDBDF00346547 /* Info.plist */ = {isa = PBXFileReference; lastKnownFileType = text.plist.xml; path = Info.plist; sourceTree = "<group>"; };
		17D84C801EAFDDF100346547 /* Podfile */ = {isa = PBXFileReference; fileEncoding = 4; lastKnownFileType = text; path = Podfile; sourceTree = "<group>"; xcLanguageSpecificationIdentifier = xcode.lang.ruby; };
		2D79D5DEC07837A82FFA6B5A /* Pods-FBSearch.debug.xcconfig */ = {isa = PBXFileReference; includeInIndex = 1; lastKnownFileType = text.xcconfig; name = "Pods-FBSearch.debug.xcconfig"; path = "Pods/Target Support Files/Pods-FBSearch/Pods-FBSearch.debug.xcconfig"; sourceTree = "<group>"; };
		9265880D8870A46CCF79690B /* Pods_FBSearch.framework */ = {isa = PBXFileReference; explicitFileType = wrapper.framework; includeInIndex = 0; path = Pods_FBSearch.framework; sourceTree = BUILT_PRODUCTS_DIR; };
/* End PBXFileReference section */

/* Begin PBXFrameworksBuildPhase section */
		17D84C661EAFDBDF00346547 /* Frameworks */ = {
			isa = PBXFrameworksBuildPhase;
			buildActionMask = 2147483647;
			files = (
				1F6E8FF3167058199A26F8BE /* Pods_FBSearch.framework in Frameworks */,
			);
			runOnlyForDeploymentPostprocessing = 0;
		};
/* End PBXFrameworksBuildPhase section */

/* Begin PBXGroup section */
		17437E421EAFE4E700D21918 /* Resources */ = {
			isa = PBXGroup;
			children = (
				17437E541EB0239E00D21918 /* Icons */,
			);
			name = Resources;
			sourceTree = "<group>";
		};
		17437E4A1EB00EFE00D21918 /* View Controllers */ = {
			isa = PBXGroup;
			children = (
				17437E461EAFED2D00D21918 /* MenuViewController.swift */,
				17437E4D1EB01C1300D21918 /* SWRevealViewController */,
				17437E481EB00EF700D21918 /* HomeViewController.swift */,
				17437E711EB02F2A00D21918 /* FavoritesViewController.swift */,
				17437E731EB02F3600D21918 /* AboutViewController.swift */,
				178E0C9E1EB0BB5C0018AC09 /* SearchResultsViewController.swift */,
				178E0C931EB0AFCC0018AC09 /* Search Results */,
			);
			name = "View Controllers";
			sourceTree = "<group>";
		};
		17437E4D1EB01C1300D21918 /* SWRevealViewController */ = {
			isa = PBXGroup;
			children = (
				17437E4F1EB01C2B00D21918 /* SWRevealViewController.h */,
				17437E501EB01C2B00D21918 /* SWRevealViewController.m */,
				17437E4E1EB01C2A00D21918 /* FBSearch-Bridging-Header.h */,
			);
			name = SWRevealViewController;
			sourceTree = "<group>";
		};
		17437E541EB0239E00D21918 /* Icons */ = {
			isa = PBXGroup;
			children = (
				178E0CAA1EB1A8EB0018AC09 /* album.png */,
				178E0CAB1EB1A8EB0018AC09 /* empty.png */,
				178E0CAC1EB1A8EB0018AC09 /* event.png */,
				178E0CAD1EB1A8EB0018AC09 /* favorite.png */,
				178E0CAE1EB1A8EB0018AC09 /* fb.png */,
				178E0CAF1EB1A8EB0018AC09 /* filled.png */,
				178E0CB01EB1A8EB0018AC09 /* groups.png */,
				178E0CB11EB1A8EB0018AC09 /* home.png */,
				178E0CB21EB1A8EB0018AC09 /* menu.png */,
				178E0CB31EB1A8EB0018AC09 /* options.png */,
				178E0CB41EB1A8EB0018AC09 /* page.png */,
				178E0CB51EB1A8EB0018AC09 /* place.png */,
				178E0CB61EB1A8EB0018AC09 /* posts.png */,
				178E0CB71EB1A8EB0018AC09 /* users.png */,
			);
			name = Icons;
			sourceTree = "<group>";
		};
		178E0C931EB0AFCC0018AC09 /* Search Results */ = {
			isa = PBXGroup;
			children = (
				178E0C981EB0AFE20018AC09 /* UsersViewController.swift */,
				178E0C961EB0AFE20018AC09 /* PagesViewController.swift */,
				178E0C941EB0AFE20018AC09 /* EventsViewController.swift */,
				178E0C971EB0AFE20018AC09 /* PlacesViewController.swift */,
				178E0C951EB0AFE20018AC09 /* GroupsViewController.swift */,
			);
			name = "Search Results";
			sourceTree = "<group>";
		};
		178E0CA11EB157F70018AC09 /* Views */ = {
			isa = PBXGroup;
			children = (
				178E0CA51EB158560018AC09 /* ResultCell.swift */,
			);
			name = Views;
			sourceTree = "<group>";
		};
		17D84C601EAFDBDF00346547 = {
			isa = PBXGroup;
			children = (
				17D84C6B1EAFDBDF00346547 /* FBSearch */,
				17D84C801EAFDDF100346547 /* Podfile */,
				17437E421EAFE4E700D21918 /* Resources */,
				17D84C6A1EAFDBDF00346547 /* Products */,
				35FF118258DC5C89B9FDC0F3 /* Pods */,
				2EF8D9387154747DA245DD96 /* Frameworks */,
			);
			sourceTree = "<group>";
		};
		17D84C6A1EAFDBDF00346547 /* Products */ = {
			isa = PBXGroup;
			children = (
				17D84C691EAFDBDF00346547 /* FBSearch.app */,
			);
			name = Products;
			sourceTree = "<group>";
		};
		17D84C6B1EAFDBDF00346547 /* FBSearch */ = {
			isa = PBXGroup;
			children = (
				17D84C6C1EAFDBDF00346547 /* AppDelegate.swift */,
				17437E4A1EB00EFE00D21918 /* View Controllers */,
				178E0CA11EB157F70018AC09 /* Views */,
				17D84C701EAFDBDF00346547 /* Main.storyboard */,
				17D84C751EAFDBDF00346547 /* LaunchScreen.storyboard */,
				17D84C731EAFDBDF00346547 /* Assets.xcassets */,
				17D84C781EAFDBDF00346547 /* Info.plist */,
			);
			path = FBSearch;
			sourceTree = "<group>";
		};
		2EF8D9387154747DA245DD96 /* Frameworks */ = {
			isa = PBXGroup;
			children = (
				9265880D8870A46CCF79690B /* Pods_FBSearch.framework */,
			);
			name = Frameworks;
			sourceTree = "<group>";
		};
		35FF118258DC5C89B9FDC0F3 /* Pods */ = {
			isa = PBXGroup;
			children = (
				2D79D5DEC07837A82FFA6B5A /* Pods-FBSearch.debug.xcconfig */,
				091635486AAA4B5E1D94E935 /* Pods-FBSearch.release.xcconfig */,
			);
			name = Pods;
			sourceTree = "<group>";
		};
/* End PBXGroup section */

/* Begin PBXNativeTarget section */
		17D84C681EAFDBDF00346547 /* FBSearch */ = {
			isa = PBXNativeTarget;
			buildConfigurationList = 17D84C7B1EAFDBDF00346547 /* Build configuration list for PBXNativeTarget "FBSearch" */;
			buildPhases = (
				D041F34D2A78527703B3A6B7 /* [CP] Check Pods Manifest.lock */,
				17D84C651EAFDBDF00346547 /* Sources */,
				17D84C661EAFDBDF00346547 /* Frameworks */,
				17D84C671EAFDBDF00346547 /* Resources */,
				E3833FCC8C9430B54155EAAC /* [CP] Embed Pods Frameworks */,
				25397E6DBFCF2D0A814738DE /* [CP] Copy Pods Resources */,
			);
			buildRules = (
			);
			dependencies = (
			);
			name = FBSearch;
			productName = FBSearch;
			productReference = 17D84C691EAFDBDF00346547 /* FBSearch.app */;
			productType = "com.apple.product-type.application";
		};
/* End PBXNativeTarget section */

/* Begin PBXProject section */
		17D84C611EAFDBDF00346547 /* Project object */ = {
			isa = PBXProject;
			attributes = {
				LastSwiftUpdateCheck = 0830;
				LastUpgradeCheck = 0830;
				ORGANIZATIONNAME = USC;
				TargetAttributes = {
					17D84C681EAFDBDF00346547 = {
						CreatedOnToolsVersion = 8.3.2;
						DevelopmentTeam = 2VRGQGASF4;
						LastSwiftMigration = 0830;
						ProvisioningStyle = Automatic;
					};
				};
			};
			buildConfigurationList = 17D84C641EAFDBDF00346547 /* Build configuration list for PBXProject "FBSearch" */;
			compatibilityVersion = "Xcode 3.2";
			developmentRegion = English;
			hasScannedForEncodings = 0;
			knownRegions = (
				en,
				Base,
			);
			mainGroup = 17D84C601EAFDBDF00346547;
			productRefGroup = 17D84C6A1EAFDBDF00346547 /* Products */;
			projectDirPath = "";
			projectRoot = "";
			targets = (
				17D84C681EAFDBDF00346547 /* FBSearch */,
			);
		};
/* End PBXProject section */

/* Begin PBXResourcesBuildPhase section */
		17D84C671EAFDBDF00346547 /* Resources */ = {
			isa = PBXResourcesBuildPhase;
			buildActionMask = 2147483647;
			files = (
				17D84C771EAFDBDF00346547 /* LaunchScreen.storyboard in Resources */,
				178E0CC31EB1A8EB0018AC09 /* place.png in Resources */,
				17D84C741EAFDBDF00346547 /* Assets.xcassets in Resources */,
				178E0CC11EB1A8EB0018AC09 /* options.png in Resources */,
				17D84C811EAFDDF100346547 /* Podfile in Resources */,
				178E0CC01EB1A8EB0018AC09 /* menu.png in Resources */,
				178E0CC51EB1A8EB0018AC09 /* users.png in Resources */,
				17D84C721EAFDBDF00346547 /* Main.storyboard in Resources */,
				178E0CB81EB1A8EB0018AC09 /* album.png in Resources */,
				178E0CBC1EB1A8EB0018AC09 /* fb.png in Resources */,
				178E0CB91EB1A8EB0018AC09 /* empty.png in Resources */,
				178E0CBD1EB1A8EB0018AC09 /* filled.png in Resources */,
				178E0CBF1EB1A8EB0018AC09 /* home.png in Resources */,
				178E0CC21EB1A8EB0018AC09 /* page.png in Resources */,
				178E0CBA1EB1A8EB0018AC09 /* event.png in Resources */,
				178E0CBB1EB1A8EB0018AC09 /* favorite.png in Resources */,
				178E0CBE1EB1A8EB0018AC09 /* groups.png in Resources */,
				178E0CC41EB1A8EB0018AC09 /* posts.png in Resources */,
			);
			runOnlyForDeploymentPostprocessing = 0;
		};
/* End PBXResourcesBuildPhase section */

/* Begin PBXShellScriptBuildPhase section */
		25397E6DBFCF2D0A814738DE /* [CP] Copy Pods Resources */ = {
			isa = PBXShellScriptBuildPhase;
			buildActionMask = 2147483647;
			files = (
			);
			inputPaths = (
			);
			name = "[CP] Copy Pods Resources";
			outputPaths = (
			);
			runOnlyForDeploymentPostprocessing = 0;
			shellPath = /bin/sh;
			shellScript = "\"${SRCROOT}/Pods/Target Support Files/Pods-FBSearch/Pods-FBSearch-resources.sh\"\n";
			showEnvVarsInLog = 0;
		};
		D041F34D2A78527703B3A6B7 /* [CP] Check Pods Manifest.lock */ = {
			isa = PBXShellScriptBuildPhase;
			buildActionMask = 2147483647;
			files = (
			);
			inputPaths = (
			);
			name = "[CP] Check Pods Manifest.lock";
			outputPaths = (
			);
			runOnlyForDeploymentPostprocessing = 0;
			shellPath = /bin/sh;
			shellScript = "diff \"${PODS_PODFILE_DIR_PATH}/Podfile.lock\" \"${PODS_ROOT}/Manifest.lock\" > /dev/null\nif [ $? != 0 ] ; then\n    # print error to STDERR\n    echo \"error: The sandbox is not in sync with the Podfile.lock. Run 'pod install' or update your CocoaPods installation.\" >&2\n    exit 1\nfi\n";
			showEnvVarsInLog = 0;
		};
		E3833FCC8C9430B54155EAAC /* [CP] Embed Pods Frameworks */ = {
			isa = PBXShellScriptBuildPhase;
			buildActionMask = 2147483647;
			files = (
			);
			inputPaths = (
			);
			name = "[CP] Embed Pods Frameworks";
			outputPaths = (
			);
			runOnlyForDeploymentPostprocessing = 0;
			shellPath = /bin/sh;
			shellScript = "\"${SRCROOT}/Pods/Target Support Files/Pods-FBSearch/Pods-FBSearch-frameworks.sh\"\n";
			showEnvVarsInLog = 0;
		};
/* End PBXShellScriptBuildPhase section */

/* Begin PBXSourcesBuildPhase section */
		17D84C651EAFDBDF00346547 /* Sources */ = {
			isa = PBXSourcesBuildPhase;
			buildActionMask = 2147483647;
			files = (
				17437E741EB02F3600D21918 /* AboutViewController.swift in Sources */,
				178E0CA91EB167E20018AC09 /* SearchResultsViewController.swift in Sources */,
				178E0C9D1EB0AFE20018AC09 /* UsersViewController.swift in Sources */,
				178E0C991EB0AFE20018AC09 /* EventsViewController.swift in Sources */,
				178E0C9C1EB0AFE20018AC09 /* PlacesViewController.swift in Sources */,
				17437E471EAFED2D00D21918 /* MenuViewController.swift in Sources */,
				17D84C6D1EAFDBDF00346547 /* AppDelegate.swift in Sources */,
				17437E491EB00EF700D21918 /* HomeViewController.swift in Sources */,
				17437E721EB02F2A00D21918 /* FavoritesViewController.swift in Sources */,
				178E0C9B1EB0AFE20018AC09 /* PagesViewController.swift in Sources */,
				17437E511EB01C2B00D21918 /* SWRevealViewController.m in Sources */,
				178E0C9A1EB0AFE20018AC09 /* GroupsViewController.swift in Sources */,
				178E0CA61EB158560018AC09 /* ResultCell.swift in Sources */,
			);
			runOnlyForDeploymentPostprocessing = 0;
		};
/* End PBXSourcesBuildPhase section */

/* Begin PBXVariantGroup section */
		17D84C701EAFDBDF00346547 /* Main.storyboard */ = {
			isa = PBXVariantGroup;
			children = (
				17D84C711EAFDBDF00346547 /* Base */,
			);
			name = Main.storyboard;
			sourceTree = "<group>";
		};
		17D84C751EAFDBDF00346547 /* LaunchScreen.storyboard */ = {
			isa = PBXVariantGroup;
			children = (
				17D84C761EAFDBDF00346547 /* Base */,
			);
			name = LaunchScreen.storyboard;
			sourceTree = "<group>";
		};
/* End PBXVariantGroup section */

/* Begin XCBuildConfiguration section */
		17D84C791EAFDBDF00346547 /* Debug */ = {
			isa = XCBuildConfiguration;
			buildSettings = {
				ALWAYS_SEARCH_USER_PATHS = NO;
				CLANG_ANALYZER_NONNULL = YES;
				CLANG_ANALYZER_NUMBER_OBJECT_CONVERSION = YES_AGGRESSIVE;
				CLANG_CXX_LANGUAGE_STANDARD = "gnu++0x";
				CLANG_CXX_LIBRARY = "libc++";
				CLANG_ENABLE_MODULES = YES;
				CLANG_ENABLE_OBJC_ARC = YES;
				CLANG_WARN_BOOL_CONVERSION = YES;
				CLANG_WARN_CONSTANT_CONVERSION = YES;
				CLANG_WARN_DIRECT_OBJC_ISA_USAGE = YES_ERROR;
				CLANG_WARN_DOCUMENTATION_COMMENTS = YES;
				CLANG_WARN_EMPTY_BODY = YES;
				CLANG_WARN_ENUM_CONVERSION = YES;
				CLANG_WARN_INFINITE_RECURSION = YES;
				CLANG_WARN_INT_CONVERSION = YES;
				CLANG_WARN_OBJC_ROOT_CLASS = YES_ERROR;
				CLANG_WARN_SUSPICIOUS_MOVE = YES;
				CLANG_WARN_UNREACHABLE_CODE = YES;
				CLANG_WARN__DUPLICATE_METHOD_MATCH = YES;
				"CODE_SIGN_IDENTITY[sdk=iphoneos*]" = "iPhone Developer";
				COPY_PHASE_STRIP = NO;
				DEBUG_INFORMATION_FORMAT = dwarf;
				ENABLE_STRICT_OBJC_MSGSEND = YES;
				ENABLE_TESTABILITY = YES;
				GCC_C_LANGUAGE_STANDARD = gnu99;
				GCC_DYNAMIC_NO_PIC = NO;
				GCC_NO_COMMON_BLOCKS = YES;
				GCC_OPTIMIZATION_LEVEL = 0;
				GCC_PREPROCESSOR_DEFINITIONS = (
					"DEBUG=1",
					"$(inherited)",
				);
				GCC_WARN_64_TO_32_BIT_CONVERSION = YES;
				GCC_WARN_ABOUT_RETURN_TYPE = YES_ERROR;
				GCC_WARN_UNDECLARED_SELECTOR = YES;
				GCC_WARN_UNINITIALIZED_AUTOS = YES_AGGRESSIVE;
				GCC_WARN_UNUSED_FUNCTION = YES;
				GCC_WARN_UNUSED_VARIABLE = YES;
				IPHONEOS_DEPLOYMENT_TARGET = 10.3;
				MTL_ENABLE_DEBUG_INFO = YES;
				ONLY_ACTIVE_ARCH = YES;
				SDKROOT = iphoneos;
				SWIFT_ACTIVE_COMPILATION_CONDITIONS = DEBUG;
				SWIFT_OPTIMIZATION_LEVEL = "-Onone";
			};
			name = Debug;
		};
		17D84C7A1EAFDBDF00346547 /* Release */ = {
			isa = XCBuildConfiguration;
			buildSettings = {
				ALWAYS_SEARCH_USER_PATHS = NO;
				CLANG_ANALYZER_NONNULL = YES;
				CLANG_ANALYZER_NUMBER_OBJECT_CONVERSION = YES_AGGRESSIVE;
				CLANG_CXX_LANGUAGE_STANDARD = "gnu++0x";
				CLANG_CXX_LIBRARY = "libc++";
				CLANG_ENABLE_MODULES = YES;
				CLANG_ENABLE_OBJC_ARC = YES;
				CLANG_WARN_BOOL_CONVERSION = YES;
				CLANG_WARN_CONSTANT_CONVERSION = YES;
				CLANG_WARN_DIRECT_OBJC_ISA_USAGE = YES_ERROR;
				CLANG_WARN_DOCUMENTATION_COMMENTS = YES;
				CLANG_WARN_EMPTY_BODY = YES;
				CLANG_WARN_ENUM_CONVERSION = YES;
				CLANG_WARN_INFINITE_RECURSION = YES;
				CLANG_WARN_INT_CONVERSION = YES;
				CLANG_WARN_OBJC_ROOT_CLASS = YES_ERROR;
				CLANG_WARN_SUSPICIOUS_MOVE = YES;
				CLANG_WARN_UNREACHABLE_CODE = YES;
				CLANG_WARN__DUPLICATE_METHOD_MATCH = YES;
				"CODE_SIGN_IDENTITY[sdk=iphoneos*]" = "iPhone Developer";
				COPY_PHASE_STRIP = NO;
				DEBUG_INFORMATION_FORMAT = "dwarf-with-dsym";
				ENABLE_NS_ASSERTIONS = NO;
				ENABLE_STRICT_OBJC_MSGSEND = YES;
				GCC_C_LANGUAGE_STANDARD = gnu99;
				GCC_NO_COMMON_BLOCKS = YES;
				GCC_WARN_64_TO_32_BIT_CONVERSION = YES;
				GCC_WARN_ABOUT_RETURN_TYPE = YES_ERROR;
				GCC_WARN_UNDECLARED_SELECTOR = YES;
				GCC_WARN_UNINITIALIZED_AUTOS = YES_AGGRESSIVE;
				GCC_WARN_UNUSED_FUNCTION = YES;
				GCC_WARN_UNUSED_VARIABLE = YES;
				IPHONEOS_DEPLOYMENT_TARGET = 10.3;
				MTL_ENABLE_DEBUG_INFO = NO;
				SDKROOT = iphoneos;
				SWIFT_OPTIMIZATION_LEVEL = "-Owholemodule";
				VALIDATE_PRODUCT = YES;
			};
			name = Release;
		};
		17D84C7C1EAFDBDF00346547 /* Debug */ = {
			isa = XCBuildConfiguration;
			baseConfigurationReference = 2D79D5DEC07837A82FFA6B5A /* Pods-FBSearch.debug.xcconfig */;
			buildSettings = {
				ASSETCATALOG_COMPILER_APPICON_NAME = AppIcon;
				CLANG_ENABLE_MODULES = YES;
				DEVELOPMENT_TEAM = 2VRGQGASF4;
				INFOPLIST_FILE = FBSearch/Info.plist;
				LD_RUNPATH_SEARCH_PATHS = "$(inherited) @executable_path/Frameworks";
				PRODUCT_BUNDLE_IDENTIFIER = edu.usc.FBSearch;
				PRODUCT_NAME = "$(TARGET_NAME)";
				SWIFT_OBJC_BRIDGING_HEADER = "FBSearch/FBSearch-Bridging-Header.h";
				SWIFT_OPTIMIZATION_LEVEL = "-Onone";
				SWIFT_VERSION = 3.0;
			};
			name = Debug;
		};
		17D84C7D1EAFDBDF00346547 /* Release */ = {
			isa = XCBuildConfiguration;
			baseConfigurationReference = 091635486AAA4B5E1D94E935 /* Pods-FBSearch.release.xcconfig */;
			buildSettings = {
				ASSETCATALOG_COMPILER_APPICON_NAME = AppIcon;
				CLANG_ENABLE_MODULES = YES;
				DEVELOPMENT_TEAM = 2VRGQGASF4;
				INFOPLIST_FILE = FBSearch/Info.plist;
				LD_RUNPATH_SEARCH_PATHS = "$(inherited) @executable_path/Frameworks";
				PRODUCT_BUNDLE_IDENTIFIER = edu.usc.FBSearch;
				PRODUCT_NAME = "$(TARGET_NAME)";
				SWIFT_OBJC_BRIDGING_HEADER = "FBSearch/FBSearch-Bridging-Header.h";
				SWIFT_VERSION = 3.0;
			};
			name = Release;
		};
/* End XCBuildConfiguration section */

/* Begin XCConfigurationList section */
		17D84C641EAFDBDF00346547 /* Build configuration list for PBXProject "FBSearch" */ = {
			isa = XCConfigurationList;
			buildConfigurations = (
				17D84C791EAFDBDF00346547 /* Debug */,
				17D84C7A1EAFDBDF00346547 /* Release */,
			);
			defaultConfigurationIsVisible = 0;
			defaultConfigurationName = Release;
		};
		17D84C7B1EAFDBDF00346547 /* Build configuration list for PBXNativeTarget "FBSearch" */ = {
			isa = XCConfigurationList;
			buildConfigurations = (
				17D84C7C1EAFDBDF00346547 /* Debug */,
				17D84C7D1EAFDBDF00346547 /* Release */,
			);
			defaultConfigurationIsVisible = 0;
			defaultConfigurationName = Release;
		};
/* End XCConfigurationList section */
	};
	rootObject = 17D84C611EAFDBDF00346547 /* Project object */;
}
